
Microsoft Visual Studio Solution File, Format Version 12.00
# Visual Studio Version 17
VisualStudioVersion = 17.2.32526.322
MinimumVisualStudioVersion = 10.0.40219.1
Project("{FAE04EC0-301F-11D3-BF4B-00C04F79EFBC}") = "gwl_voices.API", "gwl_voices\gwl_voices.API.csproj", "{66488242-C95C-45E5-AEAA-09622FF0BF8B}"
EndProject
Project("{2150E333-8FDC-42A3-9474-1A3956D46DE8}") = "1-Distributed Services", "1-Distributed Services", "{7EBD6665-FC7C-4BBC-AA64-211BFA290008}"
EndProject
Project("{2150E333-8FDC-42A3-9474-1A3956D46DE8}") = "2-Application", "2-Application", "{3E828D60-E108-413B-9FB0-11CF997A235B}"
EndProject
Project("{2150E333-8FDC-42A3-9474-1A3956D46DE8}") = "3-Business", "3-Business", "{2F64E595-D598-4516-A8A1-AD58CBB58563}"
EndProject
Project("{2150E333-8FDC-42A3-9474-1A3956D46DE8}") = "4-DataAccess", "4-DataAccess", "{9DC59E30-AD4C-4103-9936-1E55FA7DFAA8}"
EndProject
Project("{2150E333-8FDC-42A3-9474-1A3956D46DE8}") = "5-Cross Cutting", "5-Cross Cutting", "{39214636-A189-41B5-84B2-312E2B9797EE}"
EndProject
Project("{FAE04EC0-301F-11D3-BF4B-00C04F79EFBC}") = "gwl_voices.CrossCutting", "gwl_voices.CrossCutting\gwl_voices.CrossCutting.csproj", "{AA2D2BFB-B5FA-4840-B095-E337A8701AB8}"
EndProject
Project("{FAE04EC0-301F-11D3-BF4B-00C04F79EFBC}") = "gwl_voices.DataAccess", "gwl_voices.DataAccess\gwl_voices.DataAccess.csproj", "{FDB48D94-3F13-4421-BAAD-31801916ACA3}"
EndProject
Project("{FAE04EC0-301F-11D3-BF4B-00C04F79EFBC}") = "gwl_voices.DataAccess.Contracts", "gwl_voices.DataAccess.Contracts\gwl_voices.DataAccess.Contracts.csproj", "{0C39EF80-F07B-4DEE-8F08-320AEAC5CABC}"
EndProject
Project("{FAE04EC0-301F-11D3-BF4B-00C04F79EFBC}") = "gwl_voices.BusinessModels", "gwl_voices.BusinessModels\gwl_voices.BusinessModels.csproj", "{89661003-3994-4E52-BCE1-3748BAD57B66}"
EndProject
Project("{FAE04EC0-301F-11D3-BF4B-00C04F79EFBC}") = "gwl_voices.Application", "gwl_voices.Application\gwl_voices.Application.csproj", "{A34775A9-B038-4D30-85E3-76CEE28AD076}"
EndProject
Project("{FAE04EC0-301F-11D3-BF4B-00C04F79EFBC}") = "gwl_voices.ApplicationContracts", "gwl_voices.ApplicationContracts\gwl_voices.ApplicationContracts.csproj", "{7010C711-8C59-4ECC-8FAA-B7570C938C18}"
EndProject
Global
	GlobalSection(SolutionConfigurationPlatforms) = preSolution
		Debug|Any CPU = Debug|Any CPU
		Release|Any CPU = Release|Any CPU
	EndGlobalSection
	GlobalSection(ProjectConfigurationPlatforms) = postSolution
		{66488242-C95C-45E5-AEAA-09622FF0BF8B}.Debug|Any CPU.ActiveCfg = Debug|Any CPU
		{66488242-C95C-45E5-AEAA-09622FF0BF8B}.Debug|Any CPU.Build.0 = Debug|Any CPU
		{66488242-C95C-45E5-AEAA-09622FF0BF8B}.Release|Any CPU.ActiveCfg = Release|Any CPU
		{66488242-C95C-45E5-AEAA-09622FF0BF8B}.Release|Any CPU.Build.0 = Release|Any CPU
		{AA2D2BFB-B5FA-4840-B095-E337A8701AB8}.Debug|Any CPU.ActiveCfg = Debug|Any CPU
		{AA2D2BFB-B5FA-4840-B095-E337A8701AB8}.Debug|Any CPU.Build.0 = Debug|Any CPU
		{AA2D2BFB-B5FA-4840-B095-E337A8701AB8}.Release|Any CPU.ActiveCfg = Release|Any CPU
		{AA2D2BFB-B5FA-4840-B095-E337A8701AB8}.Release|Any CPU.Build.0 = Release|Any CPU
		{FDB48D94-3F13-4421-BAAD-31801916ACA3}.Debug|Any CPU.ActiveCfg = Debug|Any CPU
		{FDB48D94-3F13-4421-BAAD-31801916ACA3}.Debug|Any CPU.Build.0 = Debug|Any CPU
		{FDB48D94-3F13-4421-BAAD-31801916ACA3}.Release|Any CPU.ActiveCfg = Release|Any CPU
		{FDB48D94-3F13-4421-BAAD-31801916ACA3}.Release|Any CPU.Build.0 = Release|Any CPU
		{0C39EF80-F07B-4DEE-8F08-320AEAC5CABC}.Debug|Any CPU.ActiveCfg = Debug|Any CPU
		{0C39EF80-F07B-4DEE-8F08-320AEAC5CABC}.Debug|Any CPU.Build.0 = Debug|Any CPU
		{0C39EF80-F07B-4DEE-8F08-320AEAC5CABC}.Release|Any CPU.ActiveCfg = Release|Any CPU
		{0C39EF80-F07B-4DEE-8F08-320AEAC5CABC}.Release|Any CPU.Build.0 = Release|Any CPU
		{89661003-3994-4E52-BCE1-3748BAD57B66}.Debug|Any CPU.ActiveCfg = Debug|Any CPU
		{89661003-3994-4E52-BCE1-3748BAD57B66}.Debug|Any CPU.Build.0 = Debug|Any CPU
		{89661003-3994-4E52-BCE1-3748BAD57B66}.Release|Any CPU.ActiveCfg = Release|Any CPU
		{89661003-3994-4E52-BCE1-3748BAD57B66}.Release|Any CPU.Build.0 = Release|Any CPU
		{A34775A9-B038-4D30-85E3-76CEE28AD076}.Debug|Any CPU.ActiveCfg = Debug|Any CPU
		{A34775A9-B038-4D30-85E3-76CEE28AD076}.Debug|Any CPU.Build.0 = Debug|Any CPU
		{A34775A9-B038-4D30-85E3-76CEE28AD076}.Release|Any CPU.ActiveCfg = Release|Any CPU
		{A34775A9-B038-4D30-85E3-76CEE28AD076}.Release|Any CPU.Build.0 = Release|Any CPU
		{7010C711-8C59-4ECC-8FAA-B7570C938C18}.Debug|Any CPU.ActiveCfg = Debug|Any CPU
		{7010C711-8C59-4ECC-8FAA-B7570C938C18}.Debug|Any CPU.Build.0 = Debug|Any CPU
		{7010C711-8C59-4ECC-8FAA-B7570C938C18}.Release|Any CPU.ActiveCfg = Release|Any CPU
		{7010C711-8C59-4ECC-8FAA-B7570C938C18}.Release|Any CPU.Build.0 = Release|Any CPU
	EndGlobalSection
	GlobalSection(SolutionProperties) = preSolution
		HideSolutionNode = FALSE
	EndGlobalSection
	GlobalSection(NestedProjects) = preSolution
		{66488242-C95C-45E5-AEAA-09622FF0BF8B} = {7EBD6665-FC7C-4BBC-AA64-211BFA290008}
		{AA2D2BFB-B5FA-4840-B095-E337A8701AB8} = {39214636-A189-41B5-84B2-312E2B9797EE}
		{FDB48D94-3F13-4421-BAAD-31801916ACA3} = {9DC59E30-AD4C-4103-9936-1E55FA7DFAA8}
		{0C39EF80-F07B-4DEE-8F08-320AEAC5CABC} = {9DC59E30-AD4C-4103-9936-1E55FA7DFAA8}
		{89661003-3994-4E52-BCE1-3748BAD57B66} = {2F64E595-D598-4516-A8A1-AD58CBB58563}
		{A34775A9-B038-4D30-85E3-76CEE28AD076} = {3E828D60-E108-413B-9FB0-11CF997A235B}
		{7010C711-8C59-4ECC-8FAA-B7570C938C18} = {3E828D60-E108-413B-9FB0-11CF997A235B}
	EndGlobalSection
	GlobalSection(ExtensibilityGlobals) = postSolution
		SolutionGuid = {49C2A928-4FE0-4B97-B633-DDC00B9C552B}
	EndGlobalSection
EndGlobal
